
Microsoft Visual Studio Solution File, Format Version 12.00
# Visual Studio 2012
Project("{FAE04EC0-301F-11D3-BF4B-00C04F79EFBC}") = "Model", "EF.Model\Model.csproj", "{8BAB7A50-9C0F-4C05-AB0F-A3A4AE657CE9}"
EndProject
Project("{FAE04EC0-301F-11D3-BF4B-00C04F79EFBC}") = "DAO", "EF.DAO\DAO.csproj", "{122C57E9-C52D-4F57-A425-0EBF6BA0A9EA}"
EndProject
Project("{FAE04EC0-301F-11D3-BF4B-00C04F79EFBC}") = "BLL", "EF.BLL\BLL.csproj", "{F6854D61-10C2-4882-8A5E-97B15F0FDB8B}"
EndProject
Project("{FAE04EC0-301F-11D3-BF4B-00C04F79EFBC}") = "EF.UI", "EF.UI\EF.UI.csproj", "{5BAFFF64-576E-4390-8D91-1CB83EDAD477}"
EndProject
Project("{FAE04EC0-301F-11D3-BF4B-00C04F79EFBC}") = "Mvc", "Mvc\Mvc.csproj", "{B478C4B5-5872-4435-A227-EECADDACFAA2}"
EndProject
Global
	GlobalSection(SubversionScc) = preSolution
		Svn-Managed = True
		Manager = AnkhSVN - Subversion Support for Visual Studio
	EndGlobalSection
	GlobalSection(SolutionConfigurationPlatforms) = preSolution
		Debug|Any CPU = Debug|Any CPU
		Release|Any CPU = Release|Any CPU
	EndGlobalSection
	GlobalSection(ProjectConfigurationPlatforms) = postSolution
		{8BAB7A50-9C0F-4C05-AB0F-A3A4AE657CE9}.Debug|Any CPU.ActiveCfg = Debug|Any CPU
		{8BAB7A50-9C0F-4C05-AB0F-A3A4AE657CE9}.Debug|Any CPU.Build.0 = Debug|Any CPU
		{8BAB7A50-9C0F-4C05-AB0F-A3A4AE657CE9}.Release|Any CPU.ActiveCfg = Release|Any CPU
		{8BAB7A50-9C0F-4C05-AB0F-A3A4AE657CE9}.Release|Any CPU.Build.0 = Release|Any CPU
		{122C57E9-C52D-4F57-A425-0EBF6BA0A9EA}.Debug|Any CPU.ActiveCfg = Debug|Any CPU
		{122C57E9-C52D-4F57-A425-0EBF6BA0A9EA}.Debug|Any CPU.Build.0 = Debug|Any CPU
		{122C57E9-C52D-4F57-A425-0EBF6BA0A9EA}.Release|Any CPU.ActiveCfg = Release|Any CPU
		{122C57E9-C52D-4F57-A425-0EBF6BA0A9EA}.Release|Any CPU.Build.0 = Release|Any CPU
		{F6854D61-10C2-4882-8A5E-97B15F0FDB8B}.Debug|Any CPU.ActiveCfg = Debug|Any CPU
		{F6854D61-10C2-4882-8A5E-97B15F0FDB8B}.Debug|Any CPU.Build.0 = Debug|Any CPU
		{F6854D61-10C2-4882-8A5E-97B15F0FDB8B}.Release|Any CPU.ActiveCfg = Release|Any CPU
		{F6854D61-10C2-4882-8A5E-97B15F0FDB8B}.Release|Any CPU.Build.0 = Release|Any CPU
		{5BAFFF64-576E-4390-8D91-1CB83EDAD477}.Debug|Any CPU.ActiveCfg = Debug|Any CPU
		{5BAFFF64-576E-4390-8D91-1CB83EDAD477}.Debug|Any CPU.Build.0 = Debug|Any CPU
		{5BAFFF64-576E-4390-8D91-1CB83EDAD477}.Release|Any CPU.ActiveCfg = Release|Any CPU
		{5BAFFF64-576E-4390-8D91-1CB83EDAD477}.Release|Any CPU.Build.0 = Release|Any CPU
		{B478C4B5-5872-4435-A227-EECADDACFAA2}.Debug|Any CPU.ActiveCfg = Debug|Any CPU
		{B478C4B5-5872-4435-A227-EECADDACFAA2}.Debug|Any CPU.Build.0 = Debug|Any CPU
		{B478C4B5-5872-4435-A227-EECADDACFAA2}.Release|Any CPU.ActiveCfg = Release|Any CPU
		{B478C4B5-5872-4435-A227-EECADDACFAA2}.Release|Any CPU.Build.0 = Release|Any CPU
	EndGlobalSection
	GlobalSection(SolutionProperties) = preSolution
		HideSolutionNode = FALSE
	EndGlobalSection
EndGlobal
